
Microsoft Visual Studio Solution File, Format Version 12.00
# Visual Studio Version 16
VisualStudioVersion = 16.0.34031.81
MinimumVisualStudioVersion = 10.0.40219.1
Project("{8BC9CEB8-8B4A-11D0-8D11-00A0C91BC942}") = "Project4.5", "Project4.5\Project4.5.vcxproj", "{51A8E51A-EB06-4F15-BDC2-53D6A256AEA9}"
EndProject
Global
	GlobalSection(SolutionConfigurationPlatforms) = preSolution
		Debug|x64 = Debug|x64
		Debug|x86 = Debug|x86
		Release|x64 = Release|x64
		Release|x86 = Release|x86
	EndGlobalSection
	GlobalSection(ProjectConfigurationPlatforms) = postSolution
		{51A8E51A-EB06-4F15-BDC2-53D6A256AEA9}.Debug|x64.ActiveCfg = Debug|x64
		{51A8E51A-EB06-4F15-BDC2-53D6A256AEA9}.Debug|x64.Build.0 = Debug|x64
		{51A8E51A-EB06-4F15-BDC2-53D6A256AEA9}.Debug|x86.ActiveCfg = Debug|Win32
		{51A8E51A-EB06-4F15-BDC2-53D6A256AEA9}.Debug|x86.Build.0 = Debug|Win32
		{51A8E51A-EB06-4F15-BDC2-53D6A256AEA9}.Release|x64.ActiveCfg = Release|x64
		{51A8E51A-EB06-4F15-BDC2-53D6A256AEA9}.Release|x64.Build.0 = Release|x64
		{51A8E51A-EB06-4F15-BDC2-53D6A256AEA9}.Release|x86.ActiveCfg = Release|Win32
		{51A8E51A-EB06-4F15-BDC2-53D6A256AEA9}.Release|x86.Build.0 = Release|Win32
	EndGlobalSection
	GlobalSection(SolutionProperties) = preSolution
		HideSolutionNode = FALSE
	EndGlobalSection
	GlobalSection(ExtensibilityGlobals) = postSolution
		SolutionGuid = {F94DD245-32A7-4F78-BD59-D2979A6821DE}
	EndGlobalSection
EndGlobal
